{
  "name": "farmos-node",
  "version": "1.0.0",
  "lockfileVersion": 1,
  "requires": true,
  "dependencies": {
    "farmos": {
      "version": "0.0.2",
      "resolved": "https://registry.npmjs.org/farmos/-/farmos-0.0.2.tgz",
      "integrity": "sha512-g8b60s5W4cIuPUmUhyx7S0ITCobhQVLyqqL1cG8UJKZhTUCT2HHuS/Ga9sfR5ry0uJMUa0dC5GaDfKSPneAshQ=="
    }
  }
}
